
Microsoft Visual Studio Solution File, Format Version 12.00
# Visual Studio Version 16
VisualStudioVersion = 16.0.28803.202
MinimumVisualStudioVersion = 10.0.40219.1
Project("{FAE04EC0-301F-11D3-BF4B-00C04F79EFBC}") = "Launchpad", "Launchpad.csproj", "{B9433A41-B719-4DDF-84CA-69DF6A3ECB9C}"
EndProject
Global
	GlobalSection(SolutionConfigurationPlatforms) = preSolution
		Debug|Any CPU = Debug|Any CPU
		Release|Any CPU = Release|Any CPU
	EndGlobalSection
	GlobalSection(ProjectConfigurationPlatforms) = postSolution
		{B9433A41-B719-4DDF-84CA-69DF6A3ECB9C}.Debug|Any CPU.ActiveCfg = Debug|Any CPU
		{B9433A41-B719-4DDF-84CA-69DF6A3ECB9C}.Debug|Any CPU.Build.0 = Debug|Any CPU
		{B9433A41-B719-4DDF-84CA-69DF6A3ECB9C}.Release|Any CPU.ActiveCfg = Release|Any CPU
		{B9433A41-B719-4DDF-84CA-69DF6A3ECB9C}.Release|Any CPU.Build.0 = Release|Any CPU
	EndGlobalSection
	GlobalSection(SolutionProperties) = preSolution
		HideSolutionNode = FALSE
	EndGlobalSection
	GlobalSection(ExtensibilityGlobals) = postSolution
		SolutionGuid = {B58DB92D-8ABC-452B-90AE-C4819FA72686}
	EndGlobalSection
EndGlobal
